
Microsoft Visual Studio Solution File, Format Version 12.00
Project("{FAE04EC0-301F-11D3-BF4B-00C04F79EFBC}") = "Secret Style Things", "Secret Style Things.csproj", "{0177DB89-FA40-466B-A623-B9C806C29881}"
EndProject
Global
	GlobalSection(SolutionConfigurationPlatforms) = preSolution
		Debug|Any CPU = Debug|Any CPU
		Release|Any CPU = Release|Any CPU
	EndGlobalSection
	GlobalSection(ProjectConfigurationPlatforms) = postSolution
		{0177DB89-FA40-466B-A623-B9C806C29881}.Debug|Any CPU.ActiveCfg = Debug|Any CPU
		{0177DB89-FA40-466B-A623-B9C806C29881}.Debug|Any CPU.Build.0 = Debug|Any CPU
		{0177DB89-FA40-466B-A623-B9C806C29881}.Release|Any CPU.ActiveCfg = Release|Any CPU
		{0177DB89-FA40-466B-A623-B9C806C29881}.Release|Any CPU.Build.0 = Release|Any CPU
	EndGlobalSection
EndGlobal
